lockfileVersion: '9.0'

settings:
  autoInstallPeers: true
  excludeLinksFromLockfile: false

importers:

  .:
    dependencies:
      convict:
        specifier: ^6.2.4
        version: 6.2.4
      pino:
        specifier: ^9.6.0
        version: 9.6.0
      ws:
        specifier: ^8.18.1
        version: 8.18.1

packages:

  atomic-sleep@1.0.0:
    resolution: {integrity: sha512-kNOjDqAh7px0XWNI+4QbzoiR/nTkHAWNud2uvnJquD1/x5a7EQZMJT0AczqK0Qn67oY/TTQ1LbUKajZpp3I9tQ==}
    engines: {node: '>=8.0.0'}

  convict@6.2.4:
    resolution: {integrity: sha512-qN60BAwdMVdofckX7AlohVJ2x9UvjTNoKVXCL2LxFk1l7757EJqf1nySdMkPQer0bt8kQ5lQiyZ9/2NvrFBuwQ==}
    engines: {node: '>=6'}

  fast-redact@3.5.0:
    resolution: {integrity: sha512-dwsoQlS7h9hMeYUq1W++23NDcBLV4KqONnITDV9DjfS3q1SgDGVrBdvvTLUotWtPSD7asWDV9/CmsZPy8Hf70A==}
    engines: {node: '>=6'}

  lodash.clonedeep@4.5.0:
    resolution: {integrity: sha512-H5ZhCF25riFd9uB5UCkVKo61m3S/xZk1x4wA6yp/L3RFP6Z/eHH1ymQcGLo7J3GMPfm0V/7m1tryHuGVxpqEBQ==}

  on-exit-leak-free@2.1.2:
    resolution: {integrity: sha512-0eJJY6hXLGf1udHwfNftBqH+g73EU4B504nZeKpz1sYRKafAghwxEJunB2O7rDZkL4PGfsMVnTXZ2EjibbqcsA==}
    engines: {node: '>=14.0.0'}

  pino-abstract-transport@2.0.0:
    resolution: {integrity: sha512-F63x5tizV6WCh4R6RHyi2Ml+M70DNRXt/+HANowMflpgGFMAym/VKm6G7ZOQRjqN7XbGxK1Lg9t6ZrtzOaivMw==}

  pino-std-serializers@7.0.0:
    resolution: {integrity: sha512-e906FRY0+tV27iq4juKzSYPbUj2do2X2JX4EzSca1631EB2QJQUqGbDuERal7LCtOpxl6x3+nvo9NPZcmjkiFA==}

  pino@9.6.0:
    resolution: {integrity: sha512-i85pKRCt4qMjZ1+L7sy2Ag4t1atFcdbEt76+7iRJn1g2BvsnRMGu9p8pivl9fs63M2kF/A0OacFZhTub+m/qMg==}
    hasBin: true

  process-warning@4.0.1:
    resolution: {integrity: sha512-3c2LzQ3rY9d0hc1emcsHhfT9Jwz0cChib/QN89oME2R451w5fy3f0afAhERFZAwrbDU43wk12d0ORBpDVME50Q==}

  quick-format-unescaped@4.0.4:
    resolution: {integrity: sha512-tYC1Q1hgyRuHgloV/YXs2w15unPVh8qfu/qCTfhTYamaw7fyhumKa2yGpdSo87vY32rIclj+4fWYQXUMs9EHvg==}

  real-require@0.2.0:
    resolution: {integrity: sha512-57frrGM/OCTLqLOAh0mhVA9VBMHd+9U7Zb2THMGdBUoZVOtGbJzjxsYGDJ3A9AYYCP4hn6y1TVbaOfzWtm5GFg==}
    engines: {node: '>= 12.13.0'}

  safe-stable-stringify@2.5.0:
    resolution: {integrity: sha512-b3rppTKm9T+PsVCBEOUR46GWI7fdOs00VKZ1+9c1EWDaDMvjQc6tUwuFyIprgGgTcWoVHSKrU8H31ZHA2e0RHA==}
    engines: {node: '>=10'}

  sonic-boom@4.2.0:
    resolution: {integrity: sha512-INb7TM37/mAcsGmc9hyyI6+QR3rR1zVRu36B0NeGXKnOOLiZOfER5SA+N7X7k3yUYRzLWafduTDvJAfDswwEww==}

  split2@4.2.0:
    resolution: {integrity: sha512-UcjcJOWknrNkF6PLX83qcHM6KHgVKNkV62Y8a5uYDVv9ydGQVwAHMKqHdJje1VTWpljG0WYpCDhrCdAOYH4TWg==}
    engines: {node: '>= 10.x'}

  thread-stream@3.1.0:
    resolution: {integrity: sha512-OqyPZ9u96VohAyMfJykzmivOrY2wfMSf3C5TtFJVgN+Hm6aj+voFhlK+kZEIv2FBh1X6Xp3DlnCOfEQ3B2J86A==}

  ws@8.18.1:
    resolution: {integrity: sha512-RKW2aJZMXeMxVpnZ6bck+RswznaxmzdULiBr6KY7XkTnW8uvt0iT9H5DkHUChXrc+uurzwa0rVI16n/Xzjdz1w==}
    engines: {node: '>=10.0.0'}
    peerDependencies:
      bufferutil: ^4.0.1
      utf-8-validate: '>=5.0.2'
    peerDependenciesMeta:
      bufferutil:
        optional: true
      utf-8-validate:
        optional: true

  yargs-parser@20.2.9:
    resolution: {integrity: sha512-y11nGElTIV+CT3Zv9t7VKl+Q3hTQoT9a1Qzezhhl6Rp21gJ/IVTW7Z3y9EWXhuUBC2Shnf+DX0antecpAwSP8w==}
    engines: {node: '>=10'}

snapshots:

  atomic-sleep@1.0.0: {}

  convict@6.2.4:
    dependencies:
      lodash.clonedeep: 4.5.0
      yargs-parser: 20.2.9

  fast-redact@3.5.0: {}

  lodash.clonedeep@4.5.0: {}

  on-exit-leak-free@2.1.2: {}

  pino-abstract-transport@2.0.0:
    dependencies:
      split2: 4.2.0

  pino-std-serializers@7.0.0: {}

  pino@9.6.0:
    dependencies:
      atomic-sleep: 1.0.0
      fast-redact: 3.5.0
      on-exit-leak-free: 2.1.2
      pino-abstract-transport: 2.0.0
      pino-std-serializers: 7.0.0
      process-warning: 4.0.1
      quick-format-unescaped: 4.0.4
      real-require: 0.2.0
      safe-stable-stringify: 2.5.0
      sonic-boom: 4.2.0
      thread-stream: 3.1.0

  process-warning@4.0.1: {}

  quick-format-unescaped@4.0.4: {}

  real-require@0.2.0: {}

  safe-stable-stringify@2.5.0: {}

  sonic-boom@4.2.0:
    dependencies:
      atomic-sleep: 1.0.0

  split2@4.2.0: {}

  thread-stream@3.1.0:
    dependencies:
      real-require: 0.2.0

  ws@8.18.1: {}

  yargs-parser@20.2.9: {}
